
Microsoft Visual Studio Solution File, Format Version 12.00
# Visual Studio 15
VisualStudioVersion = 15.0.27703.2000
MinimumVisualStudioVersion = 10.0.40219.1
Project("{FAE04EC0-301F-11D3-BF4B-00C04F79EFBC}") = "System Login App", "System Login App\System Login App.csproj", "{C7976694-93DD-49BE-9253-1042112231CB}"
EndProject
Global
	GlobalSection(SolutionConfigurationPlatforms) = preSolution
		Debug|Any CPU = Debug|Any CPU
		Release|Any CPU = Release|Any CPU
	EndGlobalSection
	GlobalSection(ProjectConfigurationPlatforms) = postSolution
		{C7976694-93DD-49BE-9253-1042112231CB}.Debug|Any CPU.ActiveCfg = Debug|Any CPU
		{C7976694-93DD-49BE-9253-1042112231CB}.Debug|Any CPU.Build.0 = Debug|Any CPU
		{C7976694-93DD-49BE-9253-1042112231CB}.Release|Any CPU.ActiveCfg = Release|Any CPU
		{C7976694-93DD-49BE-9253-1042112231CB}.Release|Any CPU.Build.0 = Release|Any CPU
	EndGlobalSection
	GlobalSection(SolutionProperties) = preSolution
		HideSolutionNode = FALSE
	EndGlobalSection
	GlobalSection(ExtensibilityGlobals) = postSolution
		SolutionGuid = {7B21A7E7-8E76-4125-B005-9F7E242F095A}
	EndGlobalSection
EndGlobal
